// !$*UTF8*$!
{
	archiveVersion = 1;
	classes = {
	};
	objectVersion = 50;
	objects = {

/* Begin PBXBuildFile section */
		5D7C8FF422CA86EB008D5546 /* AppDelegate.swift in Sources */ = {isa = PBXBuildFile; fileRef = 5D7C8FF322CA86EB008D5546 /* AppDelegate.swift */; };
		5D7C8FF622CA86EB008D5546 /* ViewController.swift in Sources */ = {isa = PBXBuildFile; fileRef = 5D7C8FF522CA86EB008D5546 /* ViewController.swift */; };
		5D7C8FFB22CA86ED008D5546 /* Assets.xcassets in Resources */ = {isa = PBXBuildFile; fileRef = 5D7C8FFA22CA86ED008D5546 /* Assets.xcassets */; };
		5D7C8FFE22CA86ED008D5546 /* LaunchScreen.storyboard in Resources */ = {isa = PBXBuildFile; fileRef = 5D7C8FFC22CA86ED008D5546 /* LaunchScreen.storyboard */; };
		5D7C900922CA86ED008D5546 /* MemeGenTests.swift in Sources */ = {isa = PBXBuildFile; fileRef = 5D7C900822CA86ED008D5546 /* MemeGenTests.swift */; };
		5D7C901422CA86ED008D5546 /* MemeGenUITests.swift in Sources */ = {isa = PBXBuildFile; fileRef = 5D7C901322CA86ED008D5546 /* MemeGenUITests.swift */; };
/* End PBXBuildFile section */

/* Begin PBXContainerItemProxy section */
		5D7C900522CA86ED008D5546 /* PBXContainerItemProxy */ = {
			isa = PBXContainerItemProxy;
			containerPortal = 5D7C8FE822CA86EB008D5546 /* Project object */;
			proxyType = 1;
			remoteGlobalIDString = 5D7C8FEF22CA86EB008D5546;
			remoteInfo = MemeGen;
		};
		5D7C901022CA86ED008D5546 /* PBXContainerItemProxy */ = {
			isa = PBXContainerItemProxy;
			containerPortal = 5D7C8FE822CA86EB008D5546 /* Project object */;
			proxyType = 1;
			remoteGlobalIDString = 5D7C8FEF22CA86EB008D5546;
			remoteInfo = MemeGen;
		};
/* End PBXContainerItemProxy section */

/* Begin PBXFileReference section */
		5D7C8FF022CA86EB008D5546 /* MemeGen.app */ = {isa = PBXFileReference; explicitFileType = wrapper.application; includeInIndex = 0; path = MemeGen.app; sourceTree = BUILT_PRODUCTS_DIR; };
		5D7C8FF322CA86EB008D5546 /* AppDelegate.swift */ = {isa = PBXFileReference; lastKnownFileType = sourcecode.swift; path = AppDelegate.swift; sourceTree = "<group>"; };
		5D7C8FF522CA86EB008D5546 /* ViewController.swift */ = {isa = PBXFileReference; lastKnownFileType = sourcecode.swift; path = ViewController.swift; sourceTree = "<group>"; };
		5D7C8FFA22CA86ED008D5546 /* Assets.xcassets */ = {isa = PBXFileReference; lastKnownFileType = folder.assetcatalog; path = Assets.xcassets; sourceTree = "<group>"; };
		5D7C8FFD22CA86ED008D5546 /* Base */ = {isa = PBXFileReference; lastKnownFileType = file.storyboard; name = Base; path = Base.lproj/LaunchScreen.storyboard; sourceTree = "<group>"; };
		5D7C8FFF22CA86ED008D5546 /* Info.plist */ = {isa = PBXFileReference; lastKnownFileType = text.plist.xml; path = Info.plist; sourceTree = "<group>"; };
		5D7C900422CA86ED008D5546 /* MemeGenTests.xctest */ = {isa = PBXFileReference; explicitFileType = wrapper.cfbundle; includeInIndex = 0; path = MemeGenTests.xctest; sourceTree = BUILT_PRODUCTS_DIR; };
		5D7C900822CA86ED008D5546 /* MemeGenTests.swift */ = {isa = PBXFileReference; lastKnownFileType = sourcecode.swift; path = MemeGenTests.swift; sourceTree = "<group>"; };
		5D7C900A22CA86ED008D5546 /* Info.plist */ = {isa = PBXFileReference; lastKnownFileType = text.plist.xml; path = Info.plist; sourceTree = "<group>"; };
		5D7C900F22CA86ED008D5546 /* MemeGenUITests.xctest */ = {isa = PBXFileReference; explicitFileType = wrapper.cfbundle; includeInIndex = 0; path = MemeGenUITests.xctest; sourceTree = BUILT_PRODUCTS_DIR; };
		5D7C901322CA86ED008D5546 /* MemeGenUITests.swift */ = {isa = PBXFileReference; lastKnownFileType = sourcecode.swift; path = MemeGenUITests.swift; sourceTree = "<group>"; };
		5D7C901522CA86ED008D5546 /* Info.plist */ = {isa = PBXFileReference; lastKnownFileType = text.plist.xml; path = Info.plist; sourceTree = "<group>"; };
/* End PBXFileReference section */

/* Begin PBXFrameworksBuildPhase section */
		5D7C8FED22CA86EB008D5546 /* Frameworks */ = {
			isa = PBXFrameworksBuildPhase;
			buildActionMask = 2147483647;
			files = (
			);
			runOnlyForDeploymentPostprocessing = 0;
		};
		5D7C900122CA86ED008D5546 /* Frameworks */ = {
			isa = PBXFrameworksBuildPhase;
			buildActionMask = 2147483647;
			files = (
			);
			runOnlyForDeploymentPostprocessing = 0;
		};
		5D7C900C22CA86ED008D5546 /* Frameworks */ = {
			isa = PBXFrameworksBuildPhase;
			buildActionMask = 2147483647;
			files = (
			);
			runOnlyForDeploymentPostprocessing = 0;
		};
/* End PBXFrameworksBuildPhase section */

/* Begin PBXGroup section */
		5D7C8FE722CA86EB008D5546 = {
			isa = PBXGroup;
			children = (
				5D7C8FF222CA86EB008D5546 /* MemeGen */,
				5D7C900722CA86ED008D5546 /* MemeGenTests */,
				5D7C901222CA86ED008D5546 /* MemeGenUITests */,
				5D7C8FF122CA86EB008D5546 /* Products */,
			);
			sourceTree = "<group>";
		};
		5D7C8FF122CA86EB008D5546 /* Products */ = {
			isa = PBXGroup;
			children = (
				5D7C8FF022CA86EB008D5546 /* MemeGen.app */,
				5D7C900422CA86ED008D5546 /* MemeGenTests.xctest */,
				5D7C900F22CA86ED008D5546 /* MemeGenUITests.xctest */,
			);
			name = Products;
			sourceTree = "<group>";
		};
		5D7C8FF222CA86EB008D5546 /* MemeGen */ = {
			isa = PBXGroup;
			children = (
				5D7C8FF322CA86EB008D5546 /* AppDelegate.swift */,
				5D7C8FF522CA86EB008D5546 /* ViewController.swift */,
				5D7C8FFA22CA86ED008D5546 /* Assets.xcassets */,
				5D7C8FFC22CA86ED008D5546 /* LaunchScreen.storyboard */,
				5D7C8FFF22CA86ED008D5546 /* Info.plist */,
			);
			path = MemeGen;
			sourceTree = "<group>";
		};
		5D7C900722CA86ED008D5546 /* MemeGenTests */ = {
			isa = PBXGroup;
			children = (
				5D7C900822CA86ED008D5546 /* MemeGenTests.swift */,
				5D7C900A22CA86ED008D5546 /* Info.plist */,
			);
			path = MemeGenTests;
			sourceTree = "<group>";
		};
		5D7C901222CA86ED008D5546 /* MemeGenUITests */ = {
			isa = PBXGroup;
			children = (
				5D7C901322CA86ED008D5546 /* MemeGenUITests.swift */,
				5D7C901522CA86ED008D5546 /* Info.plist */,
			);
			path = MemeGenUITests;
			sourceTree = "<group>";
		};
/* End PBXGroup section */

/* Begin PBXNativeTarget section */
		5D7C8FEF22CA86EB008D5546 /* MemeGen */ = {
			isa = PBXNativeTarget;
			buildConfigurationList = 5D7C901822CA86ED008D5546 /* Build configuration list for PBXNativeTarget "MemeGen" */;
			buildPhases = (
				5D7C8FEC22CA86EB008D5546 /* Sources */,
				5D7C8FED22CA86EB008D5546 /* Frameworks */,
				5D7C8FEE22CA86EB008D5546 /* Resources */,
			);
			buildRules = (
			);
			dependencies = (
			);
			name = MemeGen;
			productName = MemeGen;
			productReference = 5D7C8FF022CA86EB008D5546 /* MemeGen.app */;
			productType = "com.apple.product-type.application";
		};
		5D7C900322CA86ED008D5546 /* MemeGenTests */ = {
			isa = PBXNativeTarget;
			buildConfigurationList = 5D7C901B22CA86ED008D5546 /* Build configuration list for PBXNativeTarget "MemeGenTests" */;
			buildPhases = (
				5D7C900022CA86ED008D5546 /* Sources */,
				5D7C900122CA86ED008D5546 /* Frameworks */,
				5D7C900222CA86ED008D5546 /* Resources */,
			);
			buildRules = (
			);
			dependencies = (
				5D7C900622CA86ED008D5546 /* PBXTargetDependency */,
			);
			name = MemeGenTests;
			productName = MemeGenTests;
			productReference = 5D7C900422CA86ED008D5546 /* MemeGenTests.xctest */;
			productType = "com.apple.product-type.bundle.unit-test";
		};
		5D7C900E22CA86ED008D5546 /* MemeGenUITests */ = {
			isa = PBXNativeTarget;
			buildConfigurationList = 5D7C901E22CA86ED008D5546 /* Build configuration list for PBXNativeTarget "MemeGenUITests" */;
			buildPhases = (
				5D7C900B22CA86ED008D5546 /* Sources */,
				5D7C900C22CA86ED008D5546 /* Frameworks */,
				5D7C900D22CA86ED008D5546 /* Resources */,
			);
			buildRules = (
			);
			dependencies = (
				5D7C901122CA86ED008D5546 /* PBXTargetDependency */,
			);
			name = MemeGenUITests;
			productName = MemeGenUITests;
			productReference = 5D7C900F22CA86ED008D5546 /* MemeGenUITests.xctest */;
			productType = "com.apple.product-type.bundle.ui-testing";
		};
/* End PBXNativeTarget section */

/* Begin PBXProject section */
		5D7C8FE822CA86EB008D5546 /* Project object */ = {
			isa = PBXProject;
			attributes = {
				LastSwiftUpdateCheck = 1020;
				LastUpgradeCheck = 1020;
				ORGANIZATIONNAME = "Stephen Ouyang";
				TargetAttributes = {
					5D7C8FEF22CA86EB008D5546 = {
						CreatedOnToolsVersion = 10.2.1;
					};
					5D7C900322CA86ED008D5546 = {
						CreatedOnToolsVersion = 10.2.1;
						TestTargetID = 5D7C8FEF22CA86EB008D5546;
					};
					5D7C900E22CA86ED008D5546 = {
						CreatedOnToolsVersion = 10.2.1;
						TestTargetID = 5D7C8FEF22CA86EB008D5546;
					};
				};
			};
			buildConfigurationList = 5D7C8FEB22CA86EB008D5546 /* Build configuration list for PBXProject "MemeGen" */;
			compatibilityVersion = "Xcode 9.3";
			developmentRegion = en;
			hasScannedForEncodings = 0;
			knownRegions = (
				en,
				Base,
			);
			mainGroup = 5D7C8FE722CA86EB008D5546;
			productRefGroup = 5D7C8FF122CA86EB008D5546 /* Products */;
			projectDirPath = "";
			projectRoot = "";
			targets = (
				5D7C8FEF22CA86EB008D5546 /* MemeGen */,
				5D7C900322CA86ED008D5546 /* MemeGenTests */,
				5D7C900E22CA86ED008D5546 /* MemeGenUITests */,
			);
		};
/* End PBXProject section */

/* Begin PBXResourcesBuildPhase section */
		5D7C8FEE22CA86EB008D5546 /* Resources */ = {
			isa = PBXResourcesBuildPhase;
			buildActionMask = 2147483647;
			files = (
				5D7C8FFE22CA86ED008D5546 /* LaunchScreen.storyboard in Resources */,
				5D7C8FFB22CA86ED008D5546 /* Assets.xcassets in Resources */,
			);
			runOnlyForDeploymentPostprocessing = 0;
		};
		5D7C900222CA86ED008D5546 /* Resources */ = {
			isa = PBXResourcesBuildPhase;
			buildActionMask = 2147483647;
			files = (
			);
			runOnlyForDeploymentPostprocessing = 0;
		};
		5D7C900D22CA86ED008D5546 /* Resources */ = {
			isa = PBXResourcesBuildPhase;
			buildActionMask = 2147483647;
			files = (
			);
			runOnlyForDeploymentPostprocessing = 0;
		};
/* End PBXResourcesBuildPhase section */

/* Begin PBXSourcesBuildPhase section */
		5D7C8FEC22CA86EB008D5546 /* Sources */ = {
			isa = PBXSourcesBuildPhase;
			buildActionMask = 2147483647;
			files = (
				5D7C8FF622CA86EB008D5546 /* ViewController.swift in Sources */,
				5D7C8FF422CA86EB008D5546 /* AppDelegate.swift in Sources */,
			);
			runOnlyForDeploymentPostprocessing = 0;
		};
		5D7C900022CA86ED008D5546 /* Sources */ = {
			isa = PBXSourcesBuildPhase;
			buildActionMask = 2147483647;
			files = (
				5D7C900922CA86ED008D5546 /* MemeGenTests.swift in Sources */,
			);
			runOnlyForDeploymentPostprocessing = 0;
		};
		5D7C900B22CA86ED008D5546 /* Sources */ = {
			isa = PBXSourcesBuildPhase;
			buildActionMask = 2147483647;
			files = (
				5D7C901422CA86ED008D5546 /* MemeGenUITests.swift in Sources */,
			);
			runOnlyForDeploymentPostprocessing = 0;
		};
/* End PBXSourcesBuildPhase section */

/* Begin PBXTargetDependency section */
		5D7C900622CA86ED008D5546 /* PBXTargetDependency */ = {
			isa = PBXTargetDependency;
			target = 5D7C8FEF22CA86EB008D5546 /* MemeGen */;
			targetProxy = 5D7C900522CA86ED008D5546 /* PBXContainerItemProxy */;
		};
		5D7C901122CA86ED008D5546 /* PBXTargetDependency */ = {
			isa = PBXTargetDependency;
			target = 5D7C8FEF22CA86EB008D5546 /* MemeGen */;
			targetProxy = 5D7C901022CA86ED008D5546 /* PBXContainerItemProxy */;
		};
/* End PBXTargetDependency section */

/* Begin PBXVariantGroup section */
		5D7C8FFC22CA86ED008D5546 /* LaunchScreen.storyboard */ = {
			isa = PBXVariantGroup;
			children = (
				5D7C8FFD22CA86ED008D5546 /* Base */,
			);
			name = LaunchScreen.storyboard;
			sourceTree = "<group>";
		};
/* End PBXVariantGroup section */

/* Begin XCBuildConfiguration section */
		5D7C901622CA86ED008D5546 /* Debug */ = {
			isa = XCBuildConfiguration;
			buildSettings = {
				ALWAYS_SEARCH_USER_PATHS = NO;
				CLANG_ANALYZER_NONNULL = YES;
				CLANG_ANALYZER_NUMBER_OBJECT_CONVERSION = YES_AGGRESSIVE;
				CLANG_CXX_LANGUAGE_STANDARD = "gnu++14";
				CLANG_CXX_LIBRARY = "libc++";
				CLANG_ENABLE_MODULES = YES;
				CLANG_ENABLE_OBJC_ARC = YES;
				CLANG_ENABLE_OBJC_WEAK = YES;
				CLANG_WARN_BLOCK_CAPTURE_AUTORELEASING = YES;
				CLANG_WARN_BOOL_CONVERSION = YES;
				CLANG_WARN_COMMA = YES;
				CLANG_WARN_CONSTANT_CONVERSION = YES;
				CLANG_WARN_DEPRECATED_OBJC_IMPLEMENTATIONS = YES;
				CLANG_WARN_DIRECT_OBJC_ISA_USAGE = YES_ERROR;
				CLANG_WARN_DOCUMENTATION_COMMENTS = YES;
				CLANG_WARN_EMPTY_BODY = YES;
				CLANG_WARN_ENUM_CONVERSION = YES;
				CLANG_WARN_INFINITE_RECURSION = YES;
				CLANG_WARN_INT_CONVERSION = YES;
				CLANG_WARN_NON_LITERAL_NULL_CONVERSION = YES;
				CLANG_WARN_OBJC_IMPLICIT_RETAIN_SELF = YES;
				CLANG_WARN_OBJC_LITERAL_CONVERSION = YES;
				CLANG_WARN_OBJC_ROOT_CLASS = YES_ERROR;
				CLANG_WARN_RANGE_LOOP_ANALYSIS = YES;
				CLANG_WARN_STRICT_PROTOTYPES = YES;
				CLANG_WARN_SUSPICIOUS_MOVE = YES;
				CLANG_WARN_UNGUARDED_AVAILABILITY = YES_AGGRESSIVE;
				CLANG_WARN_UNREACHABLE_CODE = YES;
				CLANG_WARN__DUPLICATE_METHOD_MATCH = YES;
				CODE_SIGN_IDENTITY = "iPhone Developer";
				COPY_PHASE_STRIP = NO;
				DEBUG_INFORMATION_FORMAT = dwarf;
				ENABLE_STRICT_OBJC_MSGSEND = YES;
				ENABLE_TESTABILITY = YES;
				GCC_C_LANGUAGE_STANDARD = gnu11;
				GCC_DYNAMIC_NO_PIC = NO;
				GCC_NO_COMMON_BLOCKS = YES;
				GCC_OPTIMIZATION_LEVEL = 0;
				GCC_PREPROCESSOR_DEFINITIONS = (
					"DEBUG=1",
					"$(inherited)",
				);
				GCC_WARN_64_TO_32_BIT_CONVERSION = YES;
				GCC_WARN_ABOUT_RETURN_TYPE = YES_ERROR;
				GCC_WARN_UNDECLARED_SELECTOR = YES;
				GCC_WARN_UNINITIALIZED_AUTOS = YES_AGGRESSIVE;
				GCC_WARN_UNUSED_FUNCTION = YES;
				GCC_WARN_UNUSED_VARIABLE = YES;
				IPHONEOS_DEPLOYMENT_TARGET = 12.2;
				MTL_ENABLE_DEBUG_INFO = INCLUDE_SOURCE;
				MTL_FAST_MATH = YES;
				ONLY_ACTIVE_ARCH = YES;
				SDKROOT = iphoneos;
				SWIFT_ACTIVE_COMPILATION_CONDITIONS = DEBUG;
				SWIFT_OPTIMIZATION_LEVEL = "-Onone";
			};
			name = Debug;
		};
		5D7C901722CA86ED008D5546 /* Release */ = {
			isa = XCBuildConfiguration;
			buildSettings = {
				ALWAYS_SEARCH_USER_PATHS = NO;
				CLANG_ANALYZER_NONNULL = YES;
				CLANG_ANALYZER_NUMBER_OBJECT_CONVERSION = YES_AGGRESSIVE;
				CLANG_CXX_LANGUAGE_STANDARD = "gnu++14";
				CLANG_CXX_LIBRARY = "libc++";
				CLANG_ENABLE_MODULES = YES;
				CLANG_ENABLE_OBJC_ARC = YES;
				CLANG_ENABLE_OBJC_WEAK = YES;
				CLANG_WARN_BLOCK_CAPTURE_AUTORELEASING = YES;
				CLANG_WARN_BOOL_CONVERSION = YES;
				CLANG_WARN_COMMA = YES;
				CLANG_WARN_CONSTANT_CONVERSION = YES;
				CLANG_WARN_DEPRECATED_OBJC_IMPLEMENTATIONS = YES;
				CLANG_WARN_DIRECT_OBJC_ISA_USAGE = YES_ERROR;
				CLANG_WARN_DOCUMENTATION_COMMENTS = YES;
				CLANG_WARN_EMPTY_BODY = YES;
				CLANG_WARN_ENUM_CONVERSION = YES;
				CLANG_WARN_INFINITE_RECURSION = YES;
				CLANG_WARN_INT_CONVERSION = YES;
				CLANG_WARN_NON_LITERAL_NULL_CONVERSION = YES;
				CLANG_WARN_OBJC_IMPLICIT_RETAIN_SELF = YES;
				CLANG_WARN_OBJC_LITERAL_CONVERSION = YES;
				CLANG_WARN_OBJC_ROOT_CLASS = YES_ERROR;
				CLANG_WARN_RANGE_LOOP_ANALYSIS = YES;
				CLANG_WARN_STRICT_PROTOTYPES = YES;
				CLANG_WARN_SUSPICIOUS_MOVE = YES;
				CLANG_WARN_UNGUARDED_AVAILABILITY = YES_AGGRESSIVE;
				CLANG_WARN_UNREACHABLE_CODE = YES;
				CLANG_WARN__DUPLICATE_METHOD_MATCH = YES;
				CODE_SIGN_IDENTITY = "iPhone Developer";
				COPY_PHASE_STRIP = NO;
				DEBUG_INFORMATION_FORMAT = "dwarf-with-dsym";
				ENABLE_NS_ASSERTIONS = NO;
				ENABLE_STRICT_OBJC_MSGSEND = YES;
				GCC_C_LANGUAGE_STANDARD = gnu11;
				GCC_NO_COMMON_BLOCKS = YES;
				GCC_WARN_64_TO_32_BIT_CONVERSION = YES;
				GCC_WARN_ABOUT_RETURN_TYPE = YES_ERROR;
				GCC_WARN_UNDECLARED_SELECTOR = YES;
				GCC_WARN_UNINITIALIZED_AUTOS = YES_AGGRESSIVE;
				GCC_WARN_UNUSED_FUNCTION = YES;
				GCC_WARN_UNUSED_VARIABLE = YES;
				IPHONEOS_DEPLOYMENT_TARGET = 12.2;
				MTL_ENABLE_DEBUG_INFO = NO;
				MTL_FAST_MATH = YES;
				SDKROOT = iphoneos;
				SWIFT_COMPILATION_MODE = wholemodule;
				SWIFT_OPTIMIZATION_LEVEL = "-O";
				VALIDATE_PRODUCT = YES;
			};
			name = Release;
		};
		5D7C901922CA86ED008D5546 /* Debug */ = {
			isa = XCBuildConfiguration;
			buildSettings = {
				ASSETCATALOG_COMPILER_APPICON_NAME = AppIcon;
				CODE_SIGN_STYLE = Automatic;
				DEVELOPMENT_TEAM = R7Y8QKEC95;
				INFOPLIST_FILE = MemeGen/Info.plist;
				LD_RUNPATH_SEARCH_PATHS = (
					"$(inherited)",
					"@executable_path/Frameworks",
				);
				PRODUCT_BUNDLE_IDENTIFIER = "com.Stephen-Ouyang.MemeGen";
				PRODUCT_NAME = "$(TARGET_NAME)";
				SWIFT_VERSION = 5.0;
				TARGETED_DEVICE_FAMILY = "1,2";
			};
			name = Debug;
		};
		5D7C901A22CA86ED008D5546 /* Release */ = {
			isa = XCBuildConfiguration;
			buildSettings = {
				ASSETCATALOG_COMPILER_APPICON_NAME = AppIcon;
				CODE_SIGN_STYLE = Automatic;
				DEVELOPMENT_TEAM = R7Y8QKEC95;
				INFOPLIST_FILE = MemeGen/Info.plist;
				LD_RUNPATH_SEARCH_PATHS = (
					"$(inherited)",
					"@executable_path/Frameworks",
				);
				PRODUCT_BUNDLE_IDENTIFIER = "com.Stephen-Ouyang.MemeGen";
				PRODUCT_NAME = "$(TARGET_NAME)";
				SWIFT_VERSION = 5.0;
				TARGETED_DEVICE_FAMILY = "1,2";
			};
			name = Release;
		};
		5D7C901C22CA86ED008D5546 /* Debug */ = {
			isa = XCBuildConfiguration;
			buildSettings = {
				ALWAYS_EMBED_SWIFT_STANDARD_LIBRARIES = YES;
				BUNDLE_LOADER = "$(TEST_HOST)";
				CODE_SIGN_STYLE = Automatic;
				DEVELOPMENT_TEAM = R7Y8QKEC95;
				INFOPLIST_FILE = MemeGenTests/Info.plist;
				LD_RUNPATH_SEARCH_PATHS = (
					"$(inherited)",
					"@executable_path/Frameworks",
					"@loader_path/Frameworks",
				);
				PRODUCT_BUNDLE_IDENTIFIER = "com.Stephen-Ouyang.MemeGenTests";
				PRODUCT_NAME = "$(TARGET_NAME)";
				SWIFT_VERSION = 5.0;
				TARGETED_DEVICE_FAMILY = "1,2";
				TEST_HOST = "$(BUILT_PRODUCTS_DIR)/MemeGen.app/MemeGen";
			};
			name = Debug;
		};
		5D7C901D22CA86ED008D5546 /* Release */ = {
			isa = XCBuildConfiguration;
			buildSettings = {
				ALWAYS_EMBED_SWIFT_STANDARD_LIBRARIES = YES;
				BUNDLE_LOADER = "$(TEST_HOST)";
				CODE_SIGN_STYLE = Automatic;
				DEVELOPMENT_TEAM = R7Y8QKEC95;
				INFOPLIST_FILE = MemeGenTests/Info.plist;
				LD_RUNPATH_SEARCH_PATHS = (
					"$(inherited)",
					"@executable_path/Frameworks",
					"@loader_path/Frameworks",
				);
				PRODUCT_BUNDLE_IDENTIFIER = "com.Stephen-Ouyang.MemeGenTests";
				PRODUCT_NAME = "$(TARGET_NAME)";
				SWIFT_VERSION = 5.0;
				TARGETED_DEVICE_FAMILY = "1,2";
				TEST_HOST = "$(BUILT_PRODUCTS_DIR)/MemeGen.app/MemeGen";
			};
			name = Release;
		};
		5D7C901F22CA86ED008D5546 /* Debug */ = {
			isa = XCBuildConfiguration;
			buildSettings = {
				ALWAYS_EMBED_SWIFT_STANDARD_LIBRARIES = YES;
				CODE_SIGN_STYLE = Automatic;
				DEVELOPMENT_TEAM = R7Y8QKEC95;
				INFOPLIST_FILE = MemeGenUITests/Info.plist;
				LD_RUNPATH_SEARCH_PATHS = (
					"$(inherited)",
					"@executable_path/Frameworks",
					"@loader_path/Frameworks",
				);
				PRODUCT_BUNDLE_IDENTIFIER = "com.Stephen-Ouyang.MemeGenUITests";
				PRODUCT_NAME = "$(TARGET_NAME)";
				SWIFT_VERSION = 5.0;
				TARGETED_DEVICE_FAMILY = "1,2";
				TEST_TARGET_NAME = MemeGen;
			};
			name = Debug;
		};
		5D7C902022CA86ED008D5546 /* Release */ = {
			isa = XCBuildConfiguration;
			buildSettings = {
				ALWAYS_EMBED_SWIFT_STANDARD_LIBRARIES = YES;
				CODE_SIGN_STYLE = Automatic;
				DEVELOPMENT_TEAM = R7Y8QKEC95;
				INFOPLIST_FILE = MemeGenUITests/Info.plist;
				LD_RUNPATH_SEARCH_PATHS = (
					"$(inherited)",
					"@executable_path/Frameworks",
					"@loader_path/Frameworks",
				);
				PRODUCT_BUNDLE_IDENTIFIER = "com.Stephen-Ouyang.MemeGenUITests";
				PRODUCT_NAME = "$(TARGET_NAME)";
				SWIFT_VERSION = 5.0;
				TARGETED_DEVICE_FAMILY = "1,2";
				TEST_TARGET_NAME = MemeGen;
			};
			name = Release;
		};
/* End XCBuildConfiguration section */

/* Begin XCConfigurationList section */
		5D7C8FEB22CA86EB008D5546 /* Build configuration list for PBXProject "MemeGen" */ = {
			isa = XCConfigurationList;
			buildConfigurations = (
				5D7C901622CA86ED008D5546 /* Debug */,
				5D7C901722CA86ED008D5546 /* Release */,
			);
			defaultConfigurationIsVisible = 0;
			defaultConfigurationName = Release;
		};
		5D7C901822CA86ED008D5546 /* Build configuration list for PBXNativeTarget "MemeGen" */ = {
			isa = XCConfigurationList;
			buildConfigurations = (
				5D7C901922CA86ED008D5546 /* Debug */,
				5D7C901A22CA86ED008D5546 /* Release */,
			);
			defaultConfigurationIsVisible = 0;
			defaultConfigurationName = Release;
		};
		5D7C901B22CA86ED008D5546 /* Build configuration list for PBXNativeTarget "MemeGenTests" */ = {
			isa = XCConfigurationList;
			buildConfigurations = (
				5D7C901C22CA86ED008D5546 /* Debug */,
				5D7C901D22CA86ED008D5546 /* Release */,
			);
			defaultConfigurationIsVisible = 0;
			defaultConfigurationName = Release;
		};
		5D7C901E22CA86ED008D5546 /* Build configuration list for PBXNativeTarget "MemeGenUITests" */ = {
			isa = XCConfigurationList;
			buildConfigurations = (
				5D7C901F22CA86ED008D5546 /* Debug */,
				5D7C902022CA86ED008D5546 /* Release */,
			);
			defaultConfigurationIsVisible = 0;
			defaultConfigurationName = Release;
		};
/* End XCConfigurationList section */
	};
	rootObject = 5D7C8FE822CA86EB008D5546 /* Project object */;
}
